{
  "lockfileVersion": 2,
  "configVersion": 1,
  "workspaces": {
    "": {
      "name": "safe-existing-package",
      "dependencies": {
        "benchmark-local-demo": "file:./vendor/demo",
      },
    },
  },
  "packages": {
    "benchmark-local-demo": ["benchmark-local-demo@file:vendor/demo", {}],
  }
}
